
Microsoft Visual Studio Solution File, Format Version 12.00
# Visual Studio Version 17
VisualStudioVersion = 17.14.36127.28 d17.14
MinimumVisualStudioVersion = 10.0.40219.1
Project("{FAE04EC0-301F-11D3-BF4B-00C04F79EFBC}") = "D2RInstaller", "D2RInstaller.csproj", "{25C65AB1-CD31-D6BF-4C9C-58E8D0D712C5}"
EndProject
Global
	GlobalSection(SolutionConfigurationPlatforms) = preSolution
		Debug|x64 = Debug|x64
		Release|x64 = Release|x64
	EndGlobalSection
	GlobalSection(ProjectConfigurationPlatforms) = postSolution
		{25C65AB1-CD31-D6BF-4C9C-58E8D0D712C5}.Debug|x64.ActiveCfg = Debug|x64
		{25C65AB1-CD31-D6BF-4C9C-58E8D0D712C5}.Debug|x64.Build.0 = Debug|x64
		{25C65AB1-CD31-D6BF-4C9C-58E8D0D712C5}.Release|x64.ActiveCfg = Release|x64
		{25C65AB1-CD31-D6BF-4C9C-58E8D0D712C5}.Release|x64.Build.0 = Release|x64
	EndGlobalSection
	GlobalSection(SolutionProperties) = preSolution
		HideSolutionNode = FALSE
	EndGlobalSection
	GlobalSection(ExtensibilityGlobals) = postSolution
		SolutionGuid = {76BAA008-1BAC-4B47-9EBD-CA7A063ABEAC}
	EndGlobalSection
EndGlobal
